
Microsoft Visual Studio Solution File, Format Version 12.00
# Visual Studio Version 16
VisualStudioVersion = 16.0.30804.86
MinimumVisualStudioVersion = 10.0.40219.1
Project("{8BC9CEB8-8B4A-11D0-8D11-00A0C91BC942}") = "hash-table_linear-testing", "hash-table_linear-testing\hash-table_linear-testing.vcxproj", "{48936E1F-DA6D-4986-9B28-9EF7880280EE}"
EndProject
Global
	GlobalSection(SolutionConfigurationPlatforms) = preSolution
		Debug|x64 = Debug|x64
		Debug|x86 = Debug|x86
		Release|x64 = Release|x64
		Release|x86 = Release|x86
	EndGlobalSection
	GlobalSection(ProjectConfigurationPlatforms) = postSolution
		{48936E1F-DA6D-4986-9B28-9EF7880280EE}.Debug|x64.ActiveCfg = Debug|x64
		{48936E1F-DA6D-4986-9B28-9EF7880280EE}.Debug|x64.Build.0 = Debug|x64
		{48936E1F-DA6D-4986-9B28-9EF7880280EE}.Debug|x86.ActiveCfg = Debug|Win32
		{48936E1F-DA6D-4986-9B28-9EF7880280EE}.Debug|x86.Build.0 = Debug|Win32
		{48936E1F-DA6D-4986-9B28-9EF7880280EE}.Release|x64.ActiveCfg = Release|x64
		{48936E1F-DA6D-4986-9B28-9EF7880280EE}.Release|x64.Build.0 = Release|x64
		{48936E1F-DA6D-4986-9B28-9EF7880280EE}.Release|x86.ActiveCfg = Release|Win32
		{48936E1F-DA6D-4986-9B28-9EF7880280EE}.Release|x86.Build.0 = Release|Win32
	EndGlobalSection
	GlobalSection(SolutionProperties) = preSolution
		HideSolutionNode = FALSE
	EndGlobalSection
	GlobalSection(ExtensibilityGlobals) = postSolution
		SolutionGuid = {D24EB422-0B36-472D-803F-D2D43C938680}
	EndGlobalSection
EndGlobal
